
Microsoft Visual Studio Solution File, Format Version 12.00
# Visual Studio 2013
VisualStudioVersion = 12.0.40629.0
MinimumVisualStudioVersion = 10.0.40219.1
Project("{FAE04EC0-301F-11D3-BF4B-00C04F79EFBC}") = "Hiper.Api", "Hiper.Api\Hiper.Api.csproj", "{FE520B6C-5CD8-46A7-9A87-619C1F09DC5A}"
EndProject
Project("{2150E333-8FDC-42A3-9474-1A3956D46DE8}") = ".nuget", ".nuget", "{C82443B9-DB7D-470E-B0DC-E08620DFCC6B}"
	ProjectSection(SolutionItems) = preProject
		.nuget\NuGet.Config = .nuget\NuGet.Config
		.nuget\NuGet.exe = .nuget\NuGet.exe
		.nuget\NuGet.targets = .nuget\NuGet.targets
	EndProjectSection
EndProject
Project("{FAE04EC0-301F-11D3-BF4B-00C04F79EFBC}") = "Hiper.Web", "Hiper.Web\Hiper.Web.csproj", "{2362FC96-79BF-4CB4-8356-B65208599085}"
EndProject
Global
	GlobalSection(SolutionConfigurationPlatforms) = preSolution
		Debug|Any CPU = Debug|Any CPU
		Release|Any CPU = Release|Any CPU
	EndGlobalSection
	GlobalSection(ProjectConfigurationPlatforms) = postSolution
		{FE520B6C-5CD8-46A7-9A87-619C1F09DC5A}.Debug|Any CPU.ActiveCfg = Debug|Any CPU
		{FE520B6C-5CD8-46A7-9A87-619C1F09DC5A}.Debug|Any CPU.Build.0 = Debug|Any CPU
		{FE520B6C-5CD8-46A7-9A87-619C1F09DC5A}.Release|Any CPU.ActiveCfg = Release|Any CPU
		{FE520B6C-5CD8-46A7-9A87-619C1F09DC5A}.Release|Any CPU.Build.0 = Release|Any CPU
		{2362FC96-79BF-4CB4-8356-B65208599085}.Debug|Any CPU.ActiveCfg = Debug|Any CPU
		{2362FC96-79BF-4CB4-8356-B65208599085}.Debug|Any CPU.Build.0 = Debug|Any CPU
		{2362FC96-79BF-4CB4-8356-B65208599085}.Release|Any CPU.ActiveCfg = Release|Any CPU
		{2362FC96-79BF-4CB4-8356-B65208599085}.Release|Any CPU.Build.0 = Release|Any CPU
	EndGlobalSection
	GlobalSection(SolutionProperties) = preSolution
		HideSolutionNode = FALSE
	EndGlobalSection
EndGlobal
